
Microsoft Visual Studio Solution File, Format Version 12.00
# Visual Studio Version 16
VisualStudioVersion = 16.0.31005.135
MinimumVisualStudioVersion = 10.0.40219.1
Project("{9A19103F-16F7-4668-BE54-9A1E7A4F7556}") = "StoreApp.Library", "StoreApp.Library\StoreApp.Library.csproj", "{91A65E46-0F54-4F98-AF7B-B5F1596D5431}"
EndProject
Project("{9A19103F-16F7-4668-BE54-9A1E7A4F7556}") = "StoreApp.Library.Tests", "StoreApp.Library.Tests\StoreApp.Library.Tests.csproj", "{AC213592-ABEF-45C3-B9F0-1CE4B6600D44}"
EndProject
Project("{9A19103F-16F7-4668-BE54-9A1E7A4F7556}") = "StoreApp.IO.Terminal", "StoreApp.IO.Terminal\StoreApp.IO.Terminal.csproj", "{6F891505-B00A-4B66-9073-1A215058A665}"
EndProject
Project("{9A19103F-16F7-4668-BE54-9A1E7A4F7556}") = "StoreApp.Serialization", "StoreApp.Serialization\StoreApp.Serialization.csproj", "{2495E729-3880-49EB-B65A-D32F1E0A53E4}"
EndProject
Project("{FAE04EC0-301F-11D3-BF4B-00C04F79EFBC}") = "StoreApp.DataAccess", "StoreApp.DataAccess\StoreApp.DataAccess.csproj", "{3F670BCF-8DE6-4CBD-BB8D-F8683C5B7BED}"
EndProject
Global
	GlobalSection(SolutionConfigurationPlatforms) = preSolution
		Debug|Any CPU = Debug|Any CPU
		Release|Any CPU = Release|Any CPU
	EndGlobalSection
	GlobalSection(ProjectConfigurationPlatforms) = postSolution
		{91A65E46-0F54-4F98-AF7B-B5F1596D5431}.Debug|Any CPU.ActiveCfg = Debug|Any CPU
		{91A65E46-0F54-4F98-AF7B-B5F1596D5431}.Debug|Any CPU.Build.0 = Debug|Any CPU
		{91A65E46-0F54-4F98-AF7B-B5F1596D5431}.Release|Any CPU.ActiveCfg = Release|Any CPU
		{91A65E46-0F54-4F98-AF7B-B5F1596D5431}.Release|Any CPU.Build.0 = Release|Any CPU
		{AC213592-ABEF-45C3-B9F0-1CE4B6600D44}.Debug|Any CPU.ActiveCfg = Debug|Any CPU
		{AC213592-ABEF-45C3-B9F0-1CE4B6600D44}.Debug|Any CPU.Build.0 = Debug|Any CPU
		{AC213592-ABEF-45C3-B9F0-1CE4B6600D44}.Release|Any CPU.ActiveCfg = Release|Any CPU
		{AC213592-ABEF-45C3-B9F0-1CE4B6600D44}.Release|Any CPU.Build.0 = Release|Any CPU
		{6F891505-B00A-4B66-9073-1A215058A665}.Debug|Any CPU.ActiveCfg = Debug|Any CPU
		{6F891505-B00A-4B66-9073-1A215058A665}.Debug|Any CPU.Build.0 = Debug|Any CPU
		{6F891505-B00A-4B66-9073-1A215058A665}.Release|Any CPU.ActiveCfg = Release|Any CPU
		{6F891505-B00A-4B66-9073-1A215058A665}.Release|Any CPU.Build.0 = Release|Any CPU
		{2495E729-3880-49EB-B65A-D32F1E0A53E4}.Debug|Any CPU.ActiveCfg = Debug|Any CPU
		{2495E729-3880-49EB-B65A-D32F1E0A53E4}.Debug|Any CPU.Build.0 = Debug|Any CPU
		{2495E729-3880-49EB-B65A-D32F1E0A53E4}.Release|Any CPU.ActiveCfg = Release|Any CPU
		{2495E729-3880-49EB-B65A-D32F1E0A53E4}.Release|Any CPU.Build.0 = Release|Any CPU
		{3F670BCF-8DE6-4CBD-BB8D-F8683C5B7BED}.Debug|Any CPU.ActiveCfg = Debug|Any CPU
		{3F670BCF-8DE6-4CBD-BB8D-F8683C5B7BED}.Debug|Any CPU.Build.0 = Debug|Any CPU
		{3F670BCF-8DE6-4CBD-BB8D-F8683C5B7BED}.Release|Any CPU.ActiveCfg = Release|Any CPU
		{3F670BCF-8DE6-4CBD-BB8D-F8683C5B7BED}.Release|Any CPU.Build.0 = Release|Any CPU
	EndGlobalSection
	GlobalSection(SolutionProperties) = preSolution
		HideSolutionNode = FALSE
	EndGlobalSection
	GlobalSection(ExtensibilityGlobals) = postSolution
		SolutionGuid = {8CFD1202-25B6-47C6-9EC9-BBC67490D842}
	EndGlobalSection
EndGlobal
